
Microsoft Visual Studio Solution File, Format Version 12.00
# Visual Studio 2017
Project("{FAE04EC0-301F-11D3-BF4B-00C04F79EFBC}") = "Procedural Grid", "Procedural Grid.csproj", "{AAEF59F9-E25F-3265-A1FA-1453DDFC3162}"
EndProject
Global
	GlobalSection(SolutionConfigurationPlatforms) = preSolution
		Debug|Any CPU = Debug|Any CPU
		Release|Any CPU = Release|Any CPU
	EndGlobalSection
	GlobalSection(ProjectConfigurationPlatforms) = postSolution
		{AAEF59F9-E25F-3265-A1FA-1453DDFC3162}.Debug|Any CPU.ActiveCfg = Debug|Any CPU
		{AAEF59F9-E25F-3265-A1FA-1453DDFC3162}.Debug|Any CPU.Build.0 = Debug|Any CPU
		{AAEF59F9-E25F-3265-A1FA-1453DDFC3162}.Release|Any CPU.ActiveCfg = Release|Any CPU
		{AAEF59F9-E25F-3265-A1FA-1453DDFC3162}.Release|Any CPU.Build.0 = Release|Any CPU
	EndGlobalSection
	GlobalSection(SolutionProperties) = preSolution
		HideSolutionNode = FALSE
	EndGlobalSection
EndGlobal
